
Microsoft Visual Studio Solution File, Format Version 12.00
# Visual Studio Version 17
VisualStudioVersion = 17.10.35122.118
MinimumVisualStudioVersion = 10.0.40219.1
Project("{8BC9CEB8-8B4A-11D0-8D11-00A0C91BC942}") = "01_IntroToCplusPlus", "01_IntroToCplusPlus\01_IntroToCplusPlus.vcxproj", "{2018DAE6-5EA1-4FE9-B09A-0085D53050FB}"
EndProject
Project("{8BC9CEB8-8B4A-11D0-8D11-00A0C91BC942}") = "02_LogicOperators", "02_LogicOperators\02_LogicOperators.vcxproj", "{6A1B88A9-1B7E-4924-9B5C-890C5B1C570C}"
EndProject
Project("{8BC9CEB8-8B4A-11D0-8D11-00A0C91BC942}") = "03_SwitchEnum", "03_SwitchEnum\03_SwitchEnum.vcxproj", "{AD6E39ED-AE8C-46FA-AEB4-3AC5DC634A55}"
EndProject
Project("{8BC9CEB8-8B4A-11D0-8D11-00A0C91BC942}") = "04_While", "04_While\04_While.vcxproj", "{EBEDAD9C-14DE-4254-840F-1937CF9EF051}"
EndProject
Project("{8BC9CEB8-8B4A-11D0-8D11-00A0C91BC942}") = "05_For", "05_For\05_For.vcxproj", "{5A093A01-2340-49AF-86B2-EE1B94295E0A}"
EndProject
Project("{8BC9CEB8-8B4A-11D0-8D11-00A0C91BC942}") = "06_Array", "06_Array\06_Array.vcxproj", "{26EE2A70-2A59-4FB9-B8E5-77C00AF8A89F}"
EndProject
Project("{8BC9CEB8-8B4A-11D0-8D11-00A0C91BC942}") = "07_RandomMatrix", "07_RandomMatrix\07_RandomMatrix.vcxproj", "{9037782A-BDDE-427B-B8A5-5BEEE353696D}"
EndProject
Project("{8BC9CEB8-8B4A-11D0-8D11-00A0C91BC942}") = "08_Functions", "08_Functions\08_Functions.vcxproj", "{3E28A583-B529-4DFF-B6B0-DB725ED460BA}"
EndProject
Project("{8BC9CEB8-8B4A-11D0-8D11-00A0C91BC942}") = "09_OverloadFunctionTemplate", "09_OverloadFunctionTemplate\09_OverloadFunctionTemplate.vcxproj", "{A344B033-6B2D-4389-ADA7-C431AACE5777}"
EndProject
Project("{8BC9CEB8-8B4A-11D0-8D11-00A0C91BC942}") = "10_LinearSearchSort", "10_LinearSearchSort\10_LinearSearchSort.vcxproj", "{5916FF9A-0437-4C32-AAE9-2E927AA8A280}"
EndProject
Project("{8BC9CEB8-8B4A-11D0-8D11-00A0C91BC942}") = "11_Pointers", "11_Pointers\11_Pointers.vcxproj", "{A8ACAFDB-E769-427F-8C1B-5A6A0E843BB2}"
EndProject
Project("{8BC9CEB8-8B4A-11D0-8D11-00A0C91BC942}") = "12_PointersInFunction", "12_PointersInFunction\12_PointersInFunction.vcxproj", "{78A3518A-A50D-486A-AA6B-16284951C9E6}"
EndProject
Project("{8BC9CEB8-8B4A-11D0-8D11-00A0C91BC942}") = "13_Links", "13_Links\13_Links.vcxproj", "{0E76FF58-BF7A-46DC-8E05-8274DD44B4E7}"
EndProject
Project("{8BC9CEB8-8B4A-11D0-8D11-00A0C91BC942}") = "14_FormatFunction", "14_FormatFunction\14_FormatFunction.vcxproj", "{A19C3731-0DDE-4027-82E1-15FFBE8DEF44}"
EndProject
Project("{8BC9CEB8-8B4A-11D0-8D11-00A0C91BC942}") = "15_C_StyleLines", "15_C_StyleLines\15_C_StyleLines.vcxproj", "{BC730FFC-3C5F-4B20-8CE4-0AFFE564D04F}"
EndProject
Project("{8BC9CEB8-8B4A-11D0-8D11-00A0C91BC942}") = "16_IntroToOOP", "16_IntroToOOP\16_IntroToOOP.vcxproj", "{EFA7C84F-8E0C-4DE1-96BD-03F078A28594}"
EndProject
Project("{8BC9CEB8-8B4A-11D0-8D11-00A0C91BC942}") = "17_ConstructorDestructors", "17_ConstructorDestructors\17_ConstructorDestructors.vcxproj", "{C692EB69-864F-41B6-AF5D-22C98523B598}"
EndProject
Project("{8BC9CEB8-8B4A-11D0-8D11-00A0C91BC942}") = "18_CopyConstructor", "18_CopyConstructor\18_CopyConstructor.vcxproj", "{3E71AA71-C48E-4649-B135-A799CA09DCD8}"
EndProject
Project("{8BC9CEB8-8B4A-11D0-8D11-00A0C91BC942}") = "19_InlineMethodDelegationStaticMeth", "19_InlineMethodDelegationStaticMeth\19_InlineMethodDelegationStaticMeth.vcxproj", "{1156E059-6AD2-4E5E-81C6-0327383DC9E7}"
EndProject
Project("{8BC9CEB8-8B4A-11D0-8D11-00A0C91BC942}") = "20_01_ConstMethodsAndObjects", "20_01_ConstMethodsAndObjects\20_01_ConstMethodsAndObjects.vcxproj", "{DC03BD0C-8BCF-43EB-A793-8C6FE6B6FAE5}"
EndProject
Project("{8BC9CEB8-8B4A-11D0-8D11-00A0C91BC942}") = "20_02_Explicit", "20_02_Explicit\20_02_Explicit.vcxproj", "{DACA7D53-839A-43D2-A3A5-A408054E3198}"
EndProject
Project("{8BC9CEB8-8B4A-11D0-8D11-00A0C91BC942}") = "21_OverloadOperators", "21_OverloadOperators\21_OverloadOperators.vcxproj", "{9464AA61-ECD2-4146-8672-7C25839F78BD}"
EndProject
Project("{8BC9CEB8-8B4A-11D0-8D11-00A0C91BC942}") = "22_Train", "22_Train\22_Train.vcxproj", "{892C2424-E8E6-49A5-9F09-6CC6EAB0BA43}"
EndProject
Project("{8BC9CEB8-8B4A-11D0-8D11-00A0C91BC942}") = "22_OverloadTypes", "22_OverloadTypes\22_OverloadTypes.vcxproj", "{3CDDB9FD-B526-4F93-9FA6-138FBFF90E8B}"
EndProject
Project("{8BC9CEB8-8B4A-11D0-8D11-00A0C91BC942}") = "23_LibraryOperator=", "23_LibraryOperator=\23_LibraryOperator=.vcxproj", "{19FB1AFC-2C31-446D-9831-AAE888EB7269}"
EndProject
Project("{8BC9CEB8-8B4A-11D0-8D11-00A0C91BC942}") = "24_TemplateClass", "24_TemplateClass\24_TemplateClass.vcxproj", "{A91DE71E-C7D4-49E4-BAB6-A8F8881AC8F1}"
EndProject
Project("{8BC9CEB8-8B4A-11D0-8D11-00A0C91BC942}") = "25_InitializerList", "25_InitializerList\25_InitializerList.vcxproj", "{8ED979A6-4587-4281-B924-8B1538563DFC}"
EndProject
Project("{8BC9CEB8-8B4A-11D0-8D11-00A0C91BC942}") = "26_01_Stack", "26_01_Stack\26_01_Stack.vcxproj", "{0CE68CC4-442E-4208-B99D-284EB4F30C41}"
EndProject
Project("{8BC9CEB8-8B4A-11D0-8D11-00A0C91BC942}") = "26_02_DynamicStack", "26_02_DynamicStack\26_02_DynamicStack.vcxproj", "{70CFEB15-7DAC-45D0-ADA4-136174609AB1}"
EndProject
Project("{8BC9CEB8-8B4A-11D0-8D11-00A0C91BC942}") = "26_03_Queue", "26_03_Queue\26_03_Queue.vcxproj", "{6C0794B9-531A-4659-A6E7-DFD2FDF0E7EA}"
EndProject
Project("{8BC9CEB8-8B4A-11D0-8D11-00A0C91BC942}") = "27_QueueWithPriority", "27_QueueWithPriority\27_QueueWithPriority.vcxproj", "{9281A3B9-0C4D-4E00-90C1-D22512E79025}"
EndProject
Project("{8BC9CEB8-8B4A-11D0-8D11-00A0C91BC942}") = "28_SingleLinkedList", "28_SingleLinkedList\28_SingleLinkedList.vcxproj", "{508497F3-77A0-4991-AA18-F2C53E193764}"
EndProject
Project("{8BC9CEB8-8B4A-11D0-8D11-00A0C91BC942}") = "29_DoubleLinkedList", "29_DoubleLinkedList\29_DoubleLinkedList.vcxproj", "{7EE4625C-F105-43AF-8694-1B0DC10FA5AA}"
EndProject
Project("{8BC9CEB8-8B4A-11D0-8D11-00A0C91BC942}") = "30_BinaryTree", "30_BinaryTree\30_BinaryTree.vcxproj", "{04D4B0C4-005F-436C-B1A6-98D568001EFA}"
EndProject
Project("{8BC9CEB8-8B4A-11D0-8D11-00A0C91BC942}") = "31_Inheritance", "31_Inheritance\31_Inheritance.vcxproj", "{94631F7A-C9CD-42CB-B591-B11B2E75F6C5}"
EndProject
Project("{8BC9CEB8-8B4A-11D0-8D11-00A0C91BC942}") = "32_InheritancePolimorphism", "32_InheritancePolimorphism\32_InheritancePolimorphism.vcxproj", "{A4C99044-D00C-4F7B-BB77-7B9E4C05FA4A}"
EndProject
Project("{8BC9CEB8-8B4A-11D0-8D11-00A0C91BC942}") = "33_AbstractClass", "33_AbstractClass\33_AbstractClass.vcxproj", "{F4B3F378-13F2-45EE-A586-1DFD284F4A90}"
EndProject
Project("{8BC9CEB8-8B4A-11D0-8D11-00A0C91BC942}") = "34_VirtualDestructor", "34_VirtualDestructor\34_VirtualDestructor.vcxproj", "{1334BE60-AB08-46E7-94D9-0F522A1C9BCD}"
EndProject
Project("{8BC9CEB8-8B4A-11D0-8D11-00A0C91BC942}") = "35_MultyInheritance", "35_MultyInheritance\35_MultyInheritance.vcxproj", "{AE002807-C23E-4AE2-B961-364631A9E623}"
EndProject
Project("{8BC9CEB8-8B4A-11D0-8D11-00A0C91BC942}") = "36_CompositionAgregation", "36_CompositionAgregation\36_CompositionAgregation.vcxproj", "{13B99286-7CEB-4602-A479-3782D7DB8201}"
EndProject
Project("{8BC9CEB8-8B4A-11D0-8D11-00A0C91BC942}") = "37_Exception", "37_Exception\37_Exception.vcxproj", "{4154A339-DE07-40F8-9545-FA565109D1A3}"
EndProject
Project("{8BC9CEB8-8B4A-11D0-8D11-00A0C91BC942}") = "38_StandartException", "38_StandartException\38_StandartException.vcxproj", "{9D0AA829-3A39-46EC-83DE-7663F686759A}"
EndProject
Project("{8BC9CEB8-8B4A-11D0-8D11-00A0C91BC942}") = "39_01_WorkWithFile", "39_01_WorkWithFile\39_01_WorkWithFile.vcxproj", "{32E83F33-C08E-4FE8-9CCB-58EF70511F2D}"
EndProject
Project("{8BC9CEB8-8B4A-11D0-8D11-00A0C91BC942}") = "39_02_SaveClassToFile", "39_02_SaveClassToFile\39_02_SaveClassToFile.vcxproj", "{7DF553B0-E0CF-4549-899F-03714CB1C007}"
EndProject
Global
	GlobalSection(SolutionConfigurationPlatforms) = preSolution
		Debug|x64 = Debug|x64
		Debug|x86 = Debug|x86
		Release|x64 = Release|x64
		Release|x86 = Release|x86
	EndGlobalSection
	GlobalSection(ProjectConfigurationPlatforms) = postSolution
		{2018DAE6-5EA1-4FE9-B09A-0085D53050FB}.Debug|x64.ActiveCfg = Debug|x64
		{2018DAE6-5EA1-4FE9-B09A-0085D53050FB}.Debug|x64.Build.0 = Debug|x64
		{2018DAE6-5EA1-4FE9-B09A-0085D53050FB}.Debug|x86.ActiveCfg = Debug|Win32
		{2018DAE6-5EA1-4FE9-B09A-0085D53050FB}.Debug|x86.Build.0 = Debug|Win32
		{2018DAE6-5EA1-4FE9-B09A-0085D53050FB}.Release|x64.ActiveCfg = Release|x64
		{2018DAE6-5EA1-4FE9-B09A-0085D53050FB}.Release|x64.Build.0 = Release|x64
		{2018DAE6-5EA1-4FE9-B09A-0085D53050FB}.Release|x86.ActiveCfg = Release|Win32
		{2018DAE6-5EA1-4FE9-B09A-0085D53050FB}.Release|x86.Build.0 = Release|Win32
		{6A1B88A9-1B7E-4924-9B5C-890C5B1C570C}.Debug|x64.ActiveCfg = Debug|x64
		{6A1B88A9-1B7E-4924-9B5C-890C5B1C570C}.Debug|x64.Build.0 = Debug|x64
		{6A1B88A9-1B7E-4924-9B5C-890C5B1C570C}.Debug|x86.ActiveCfg = Debug|Win32
		{6A1B88A9-1B7E-4924-9B5C-890C5B1C570C}.Debug|x86.Build.0 = Debug|Win32
		{6A1B88A9-1B7E-4924-9B5C-890C5B1C570C}.Release|x64.ActiveCfg = Release|x64
		{6A1B88A9-1B7E-4924-9B5C-890C5B1C570C}.Release|x64.Build.0 = Release|x64
		{6A1B88A9-1B7E-4924-9B5C-890C5B1C570C}.Release|x86.ActiveCfg = Release|Win32
		{6A1B88A9-1B7E-4924-9B5C-890C5B1C570C}.Release|x86.Build.0 = Release|Win32
		{AD6E39ED-AE8C-46FA-AEB4-3AC5DC634A55}.Debug|x64.ActiveCfg = Debug|x64
		{AD6E39ED-AE8C-46FA-AEB4-3AC5DC634A55}.Debug|x64.Build.0 = Debug|x64
		{AD6E39ED-AE8C-46FA-AEB4-3AC5DC634A55}.Debug|x86.ActiveCfg = Debug|Win32
		{AD6E39ED-AE8C-46FA-AEB4-3AC5DC634A55}.Debug|x86.Build.0 = Debug|Win32
		{AD6E39ED-AE8C-46FA-AEB4-3AC5DC634A55}.Release|x64.ActiveCfg = Release|x64
		{AD6E39ED-AE8C-46FA-AEB4-3AC5DC634A55}.Release|x64.Build.0 = Release|x64
		{AD6E39ED-AE8C-46FA-AEB4-3AC5DC634A55}.Release|x86.ActiveCfg = Release|Win32
		{AD6E39ED-AE8C-46FA-AEB4-3AC5DC634A55}.Release|x86.Build.0 = Release|Win32
		{EBEDAD9C-14DE-4254-840F-1937CF9EF051}.Debug|x64.ActiveCfg = Debug|x64
		{EBEDAD9C-14DE-4254-840F-1937CF9EF051}.Debug|x64.Build.0 = Debug|x64
		{EBEDAD9C-14DE-4254-840F-1937CF9EF051}.Debug|x86.ActiveCfg = Debug|Win32
		{EBEDAD9C-14DE-4254-840F-1937CF9EF051}.Debug|x86.Build.0 = Debug|Win32
		{EBEDAD9C-14DE-4254-840F-1937CF9EF051}.Release|x64.ActiveCfg = Release|x64
		{EBEDAD9C-14DE-4254-840F-1937CF9EF051}.Release|x64.Build.0 = Release|x64
		{EBEDAD9C-14DE-4254-840F-1937CF9EF051}.Release|x86.ActiveCfg = Release|Win32
		{EBEDAD9C-14DE-4254-840F-1937CF9EF051}.Release|x86.Build.0 = Release|Win32
		{5A093A01-2340-49AF-86B2-EE1B94295E0A}.Debug|x64.ActiveCfg = Debug|x64
		{5A093A01-2340-49AF-86B2-EE1B94295E0A}.Debug|x64.Build.0 = Debug|x64
		{5A093A01-2340-49AF-86B2-EE1B94295E0A}.Debug|x86.ActiveCfg = Debug|Win32
		{5A093A01-2340-49AF-86B2-EE1B94295E0A}.Debug|x86.Build.0 = Debug|Win32
		{5A093A01-2340-49AF-86B2-EE1B94295E0A}.Release|x64.ActiveCfg = Release|x64
		{5A093A01-2340-49AF-86B2-EE1B94295E0A}.Release|x64.Build.0 = Release|x64
		{5A093A01-2340-49AF-86B2-EE1B94295E0A}.Release|x86.ActiveCfg = Release|Win32
		{5A093A01-2340-49AF-86B2-EE1B94295E0A}.Release|x86.Build.0 = Release|Win32
		{26EE2A70-2A59-4FB9-B8E5-77C00AF8A89F}.Debug|x64.ActiveCfg = Debug|x64
		{26EE2A70-2A59-4FB9-B8E5-77C00AF8A89F}.Debug|x64.Build.0 = Debug|x64
		{26EE2A70-2A59-4FB9-B8E5-77C00AF8A89F}.Debug|x86.ActiveCfg = Debug|Win32
		{26EE2A70-2A59-4FB9-B8E5-77C00AF8A89F}.Debug|x86.Build.0 = Debug|Win32
		{26EE2A70-2A59-4FB9-B8E5-77C00AF8A89F}.Release|x64.ActiveCfg = Release|x64
		{26EE2A70-2A59-4FB9-B8E5-77C00AF8A89F}.Release|x64.Build.0 = Release|x64
		{26EE2A70-2A59-4FB9-B8E5-77C00AF8A89F}.Release|x86.ActiveCfg = Release|Win32
		{26EE2A70-2A59-4FB9-B8E5-77C00AF8A89F}.Release|x86.Build.0 = Release|Win32
		{9037782A-BDDE-427B-B8A5-5BEEE353696D}.Debug|x64.ActiveCfg = Debug|x64
		{9037782A-BDDE-427B-B8A5-5BEEE353696D}.Debug|x64.Build.0 = Debug|x64
		{9037782A-BDDE-427B-B8A5-5BEEE353696D}.Debug|x86.ActiveCfg = Debug|Win32
		{9037782A-BDDE-427B-B8A5-5BEEE353696D}.Debug|x86.Build.0 = Debug|Win32
		{9037782A-BDDE-427B-B8A5-5BEEE353696D}.Release|x64.ActiveCfg = Release|x64
		{9037782A-BDDE-427B-B8A5-5BEEE353696D}.Release|x64.Build.0 = Release|x64
		{9037782A-BDDE-427B-B8A5-5BEEE353696D}.Release|x86.ActiveCfg = Release|Win32
		{9037782A-BDDE-427B-B8A5-5BEEE353696D}.Release|x86.Build.0 = Release|Win32
		{3E28A583-B529-4DFF-B6B0-DB725ED460BA}.Debug|x64.ActiveCfg = Debug|x64
		{3E28A583-B529-4DFF-B6B0-DB725ED460BA}.Debug|x64.Build.0 = Debug|x64
		{3E28A583-B529-4DFF-B6B0-DB725ED460BA}.Debug|x86.ActiveCfg = Debug|Win32
		{3E28A583-B529-4DFF-B6B0-DB725ED460BA}.Debug|x86.Build.0 = Debug|Win32
		{3E28A583-B529-4DFF-B6B0-DB725ED460BA}.Release|x64.ActiveCfg = Release|x64
		{3E28A583-B529-4DFF-B6B0-DB725ED460BA}.Release|x64.Build.0 = Release|x64
		{3E28A583-B529-4DFF-B6B0-DB725ED460BA}.Release|x86.ActiveCfg = Release|Win32
		{3E28A583-B529-4DFF-B6B0-DB725ED460BA}.Release|x86.Build.0 = Release|Win32
		{A344B033-6B2D-4389-ADA7-C431AACE5777}.Debug|x64.ActiveCfg = Debug|x64
		{A344B033-6B2D-4389-ADA7-C431AACE5777}.Debug|x64.Build.0 = Debug|x64
		{A344B033-6B2D-4389-ADA7-C431AACE5777}.Debug|x86.ActiveCfg = Debug|Win32
		{A344B033-6B2D-4389-ADA7-C431AACE5777}.Debug|x86.Build.0 = Debug|Win32
		{A344B033-6B2D-4389-ADA7-C431AACE5777}.Release|x64.ActiveCfg = Release|x64
		{A344B033-6B2D-4389-ADA7-C431AACE5777}.Release|x64.Build.0 = Release|x64
		{A344B033-6B2D-4389-ADA7-C431AACE5777}.Release|x86.ActiveCfg = Release|Win32
		{A344B033-6B2D-4389-ADA7-C431AACE5777}.Release|x86.Build.0 = Release|Win32
		{5916FF9A-0437-4C32-AAE9-2E927AA8A280}.Debug|x64.ActiveCfg = Debug|x64
		{5916FF9A-0437-4C32-AAE9-2E927AA8A280}.Debug|x64.Build.0 = Debug|x64
		{5916FF9A-0437-4C32-AAE9-2E927AA8A280}.Debug|x86.ActiveCfg = Debug|Win32
		{5916FF9A-0437-4C32-AAE9-2E927AA8A280}.Debug|x86.Build.0 = Debug|Win32
		{5916FF9A-0437-4C32-AAE9-2E927AA8A280}.Release|x64.ActiveCfg = Release|x64
		{5916FF9A-0437-4C32-AAE9-2E927AA8A280}.Release|x64.Build.0 = Release|x64
		{5916FF9A-0437-4C32-AAE9-2E927AA8A280}.Release|x86.ActiveCfg = Release|Win32
		{5916FF9A-0437-4C32-AAE9-2E927AA8A280}.Release|x86.Build.0 = Release|Win32
		{A8ACAFDB-E769-427F-8C1B-5A6A0E843BB2}.Debug|x64.ActiveCfg = Debug|x64
		{A8ACAFDB-E769-427F-8C1B-5A6A0E843BB2}.Debug|x64.Build.0 = Debug|x64
		{A8ACAFDB-E769-427F-8C1B-5A6A0E843BB2}.Debug|x86.ActiveCfg = Debug|Win32
		{A8ACAFDB-E769-427F-8C1B-5A6A0E843BB2}.Debug|x86.Build.0 = Debug|Win32
		{A8ACAFDB-E769-427F-8C1B-5A6A0E843BB2}.Release|x64.ActiveCfg = Release|x64
		{A8ACAFDB-E769-427F-8C1B-5A6A0E843BB2}.Release|x64.Build.0 = Release|x64
		{A8ACAFDB-E769-427F-8C1B-5A6A0E843BB2}.Release|x86.ActiveCfg = Release|Win32
		{A8ACAFDB-E769-427F-8C1B-5A6A0E843BB2}.Release|x86.Build.0 = Release|Win32
		{78A3518A-A50D-486A-AA6B-16284951C9E6}.Debug|x64.ActiveCfg = Debug|x64
		{78A3518A-A50D-486A-AA6B-16284951C9E6}.Debug|x64.Build.0 = Debug|x64
		{78A3518A-A50D-486A-AA6B-16284951C9E6}.Debug|x86.ActiveCfg = Debug|Win32
		{78A3518A-A50D-486A-AA6B-16284951C9E6}.Debug|x86.Build.0 = Debug|Win32
		{78A3518A-A50D-486A-AA6B-16284951C9E6}.Release|x64.ActiveCfg = Release|x64
		{78A3518A-A50D-486A-AA6B-16284951C9E6}.Release|x64.Build.0 = Release|x64
		{78A3518A-A50D-486A-AA6B-16284951C9E6}.Release|x86.ActiveCfg = Release|Win32
		{78A3518A-A50D-486A-AA6B-16284951C9E6}.Release|x86.Build.0 = Release|Win32
		{0E76FF58-BF7A-46DC-8E05-8274DD44B4E7}.Debug|x64.ActiveCfg = Debug|x64
		{0E76FF58-BF7A-46DC-8E05-8274DD44B4E7}.Debug|x64.Build.0 = Debug|x64
		{0E76FF58-BF7A-46DC-8E05-8274DD44B4E7}.Debug|x86.ActiveCfg = Debug|Win32
		{0E76FF58-BF7A-46DC-8E05-8274DD44B4E7}.Debug|x86.Build.0 = Debug|Win32
		{0E76FF58-BF7A-46DC-8E05-8274DD44B4E7}.Release|x64.ActiveCfg = Release|x64
		{0E76FF58-BF7A-46DC-8E05-8274DD44B4E7}.Release|x64.Build.0 = Release|x64
		{0E76FF58-BF7A-46DC-8E05-8274DD44B4E7}.Release|x86.ActiveCfg = Release|Win32
		{0E76FF58-BF7A-46DC-8E05-8274DD44B4E7}.Release|x86.Build.0 = Release|Win32
		{A19C3731-0DDE-4027-82E1-15FFBE8DEF44}.Debug|x64.ActiveCfg = Debug|x64
		{A19C3731-0DDE-4027-82E1-15FFBE8DEF44}.Debug|x64.Build.0 = Debug|x64
		{A19C3731-0DDE-4027-82E1-15FFBE8DEF44}.Debug|x86.ActiveCfg = Debug|Win32
		{A19C3731-0DDE-4027-82E1-15FFBE8DEF44}.Debug|x86.Build.0 = Debug|Win32
		{A19C3731-0DDE-4027-82E1-15FFBE8DEF44}.Release|x64.ActiveCfg = Release|x64
		{A19C3731-0DDE-4027-82E1-15FFBE8DEF44}.Release|x64.Build.0 = Release|x64
		{A19C3731-0DDE-4027-82E1-15FFBE8DEF44}.Release|x86.ActiveCfg = Release|Win32
		{A19C3731-0DDE-4027-82E1-15FFBE8DEF44}.Release|x86.Build.0 = Release|Win32
		{BC730FFC-3C5F-4B20-8CE4-0AFFE564D04F}.Debug|x64.ActiveCfg = Debug|x64
		{BC730FFC-3C5F-4B20-8CE4-0AFFE564D04F}.Debug|x64.Build.0 = Debug|x64
		{BC730FFC-3C5F-4B20-8CE4-0AFFE564D04F}.Debug|x86.ActiveCfg = Debug|Win32
		{BC730FFC-3C5F-4B20-8CE4-0AFFE564D04F}.Debug|x86.Build.0 = Debug|Win32
		{BC730FFC-3C5F-4B20-8CE4-0AFFE564D04F}.Release|x64.ActiveCfg = Release|x64
		{BC730FFC-3C5F-4B20-8CE4-0AFFE564D04F}.Release|x64.Build.0 = Release|x64
		{BC730FFC-3C5F-4B20-8CE4-0AFFE564D04F}.Release|x86.ActiveCfg = Release|Win32
		{BC730FFC-3C5F-4B20-8CE4-0AFFE564D04F}.Release|x86.Build.0 = Release|Win32
		{EFA7C84F-8E0C-4DE1-96BD-03F078A28594}.Debug|x64.ActiveCfg = Debug|x64
		{EFA7C84F-8E0C-4DE1-96BD-03F078A28594}.Debug|x64.Build.0 = Debug|x64
		{EFA7C84F-8E0C-4DE1-96BD-03F078A28594}.Debug|x86.ActiveCfg = Debug|Win32
		{EFA7C84F-8E0C-4DE1-96BD-03F078A28594}.Debug|x86.Build.0 = Debug|Win32
		{EFA7C84F-8E0C-4DE1-96BD-03F078A28594}.Release|x64.ActiveCfg = Release|x64
		{EFA7C84F-8E0C-4DE1-96BD-03F078A28594}.Release|x64.Build.0 = Release|x64
		{EFA7C84F-8E0C-4DE1-96BD-03F078A28594}.Release|x86.ActiveCfg = Release|Win32
		{EFA7C84F-8E0C-4DE1-96BD-03F078A28594}.Release|x86.Build.0 = Release|Win32
		{C692EB69-864F-41B6-AF5D-22C98523B598}.Debug|x64.ActiveCfg = Debug|x64
		{C692EB69-864F-41B6-AF5D-22C98523B598}.Debug|x64.Build.0 = Debug|x64
		{C692EB69-864F-41B6-AF5D-22C98523B598}.Debug|x86.ActiveCfg = Debug|Win32
		{C692EB69-864F-41B6-AF5D-22C98523B598}.Debug|x86.Build.0 = Debug|Win32
		{C692EB69-864F-41B6-AF5D-22C98523B598}.Release|x64.ActiveCfg = Release|x64
		{C692EB69-864F-41B6-AF5D-22C98523B598}.Release|x64.Build.0 = Release|x64
		{C692EB69-864F-41B6-AF5D-22C98523B598}.Release|x86.ActiveCfg = Release|Win32
		{C692EB69-864F-41B6-AF5D-22C98523B598}.Release|x86.Build.0 = Release|Win32
		{3E71AA71-C48E-4649-B135-A799CA09DCD8}.Debug|x64.ActiveCfg = Debug|x64
		{3E71AA71-C48E-4649-B135-A799CA09DCD8}.Debug|x64.Build.0 = Debug|x64
		{3E71AA71-C48E-4649-B135-A799CA09DCD8}.Debug|x86.ActiveCfg = Debug|Win32
		{3E71AA71-C48E-4649-B135-A799CA09DCD8}.Debug|x86.Build.0 = Debug|Win32
		{3E71AA71-C48E-4649-B135-A799CA09DCD8}.Release|x64.ActiveCfg = Release|x64
		{3E71AA71-C48E-4649-B135-A799CA09DCD8}.Release|x64.Build.0 = Release|x64
		{3E71AA71-C48E-4649-B135-A799CA09DCD8}.Release|x86.ActiveCfg = Release|Win32
		{3E71AA71-C48E-4649-B135-A799CA09DCD8}.Release|x86.Build.0 = Release|Win32
		{1156E059-6AD2-4E5E-81C6-0327383DC9E7}.Debug|x64.ActiveCfg = Debug|x64
		{1156E059-6AD2-4E5E-81C6-0327383DC9E7}.Debug|x64.Build.0 = Debug|x64
		{1156E059-6AD2-4E5E-81C6-0327383DC9E7}.Debug|x86.ActiveCfg = Debug|Win32
		{1156E059-6AD2-4E5E-81C6-0327383DC9E7}.Debug|x86.Build.0 = Debug|Win32
		{1156E059-6AD2-4E5E-81C6-0327383DC9E7}.Release|x64.ActiveCfg = Release|x64
		{1156E059-6AD2-4E5E-81C6-0327383DC9E7}.Release|x64.Build.0 = Release|x64
		{1156E059-6AD2-4E5E-81C6-0327383DC9E7}.Release|x86.ActiveCfg = Release|Win32
		{1156E059-6AD2-4E5E-81C6-0327383DC9E7}.Release|x86.Build.0 = Release|Win32
		{DC03BD0C-8BCF-43EB-A793-8C6FE6B6FAE5}.Debug|x64.ActiveCfg = Debug|x64
		{DC03BD0C-8BCF-43EB-A793-8C6FE6B6FAE5}.Debug|x64.Build.0 = Debug|x64
		{DC03BD0C-8BCF-43EB-A793-8C6FE6B6FAE5}.Debug|x86.ActiveCfg = Debug|Win32
		{DC03BD0C-8BCF-43EB-A793-8C6FE6B6FAE5}.Debug|x86.Build.0 = Debug|Win32
		{DC03BD0C-8BCF-43EB-A793-8C6FE6B6FAE5}.Release|x64.ActiveCfg = Release|x64
		{DC03BD0C-8BCF-43EB-A793-8C6FE6B6FAE5}.Release|x64.Build.0 = Release|x64
		{DC03BD0C-8BCF-43EB-A793-8C6FE6B6FAE5}.Release|x86.ActiveCfg = Release|Win32
		{DC03BD0C-8BCF-43EB-A793-8C6FE6B6FAE5}.Release|x86.Build.0 = Release|Win32
		{DACA7D53-839A-43D2-A3A5-A408054E3198}.Debug|x64.ActiveCfg = Debug|x64
		{DACA7D53-839A-43D2-A3A5-A408054E3198}.Debug|x64.Build.0 = Debug|x64
		{DACA7D53-839A-43D2-A3A5-A408054E3198}.Debug|x86.ActiveCfg = Debug|Win32
		{DACA7D53-839A-43D2-A3A5-A408054E3198}.Debug|x86.Build.0 = Debug|Win32
		{DACA7D53-839A-43D2-A3A5-A408054E3198}.Release|x64.ActiveCfg = Release|x64
		{DACA7D53-839A-43D2-A3A5-A408054E3198}.Release|x64.Build.0 = Release|x64
		{DACA7D53-839A-43D2-A3A5-A408054E3198}.Release|x86.ActiveCfg = Release|Win32
		{DACA7D53-839A-43D2-A3A5-A408054E3198}.Release|x86.Build.0 = Release|Win32
		{9464AA61-ECD2-4146-8672-7C25839F78BD}.Debug|x64.ActiveCfg = Debug|x64
		{9464AA61-ECD2-4146-8672-7C25839F78BD}.Debug|x64.Build.0 = Debug|x64
		{9464AA61-ECD2-4146-8672-7C25839F78BD}.Debug|x86.ActiveCfg = Debug|Win32
		{9464AA61-ECD2-4146-8672-7C25839F78BD}.Debug|x86.Build.0 = Debug|Win32
		{9464AA61-ECD2-4146-8672-7C25839F78BD}.Release|x64.ActiveCfg = Release|x64
		{9464AA61-ECD2-4146-8672-7C25839F78BD}.Release|x64.Build.0 = Release|x64
		{9464AA61-ECD2-4146-8672-7C25839F78BD}.Release|x86.ActiveCfg = Release|Win32
		{9464AA61-ECD2-4146-8672-7C25839F78BD}.Release|x86.Build.0 = Release|Win32
		{892C2424-E8E6-49A5-9F09-6CC6EAB0BA43}.Debug|x64.ActiveCfg = Debug|x64
		{892C2424-E8E6-49A5-9F09-6CC6EAB0BA43}.Debug|x64.Build.0 = Debug|x64
		{892C2424-E8E6-49A5-9F09-6CC6EAB0BA43}.Debug|x86.ActiveCfg = Debug|Win32
		{892C2424-E8E6-49A5-9F09-6CC6EAB0BA43}.Debug|x86.Build.0 = Debug|Win32
		{892C2424-E8E6-49A5-9F09-6CC6EAB0BA43}.Release|x64.ActiveCfg = Release|x64
		{892C2424-E8E6-49A5-9F09-6CC6EAB0BA43}.Release|x64.Build.0 = Release|x64
		{892C2424-E8E6-49A5-9F09-6CC6EAB0BA43}.Release|x86.ActiveCfg = Release|Win32
		{892C2424-E8E6-49A5-9F09-6CC6EAB0BA43}.Release|x86.Build.0 = Release|Win32
		{3CDDB9FD-B526-4F93-9FA6-138FBFF90E8B}.Debug|x64.ActiveCfg = Debug|x64
		{3CDDB9FD-B526-4F93-9FA6-138FBFF90E8B}.Debug|x64.Build.0 = Debug|x64
		{3CDDB9FD-B526-4F93-9FA6-138FBFF90E8B}.Debug|x86.ActiveCfg = Debug|Win32
		{3CDDB9FD-B526-4F93-9FA6-138FBFF90E8B}.Debug|x86.Build.0 = Debug|Win32
		{3CDDB9FD-B526-4F93-9FA6-138FBFF90E8B}.Release|x64.ActiveCfg = Release|x64
		{3CDDB9FD-B526-4F93-9FA6-138FBFF90E8B}.Release|x64.Build.0 = Release|x64
		{3CDDB9FD-B526-4F93-9FA6-138FBFF90E8B}.Release|x86.ActiveCfg = Release|Win32
		{3CDDB9FD-B526-4F93-9FA6-138FBFF90E8B}.Release|x86.Build.0 = Release|Win32
		{19FB1AFC-2C31-446D-9831-AAE888EB7269}.Debug|x64.ActiveCfg = Debug|x64
		{19FB1AFC-2C31-446D-9831-AAE888EB7269}.Debug|x64.Build.0 = Debug|x64
		{19FB1AFC-2C31-446D-9831-AAE888EB7269}.Debug|x86.ActiveCfg = Debug|Win32
		{19FB1AFC-2C31-446D-9831-AAE888EB7269}.Debug|x86.Build.0 = Debug|Win32
		{19FB1AFC-2C31-446D-9831-AAE888EB7269}.Release|x64.ActiveCfg = Release|x64
		{19FB1AFC-2C31-446D-9831-AAE888EB7269}.Release|x64.Build.0 = Release|x64
		{19FB1AFC-2C31-446D-9831-AAE888EB7269}.Release|x86.ActiveCfg = Release|Win32
		{19FB1AFC-2C31-446D-9831-AAE888EB7269}.Release|x86.Build.0 = Release|Win32
		{A91DE71E-C7D4-49E4-BAB6-A8F8881AC8F1}.Debug|x64.ActiveCfg = Debug|x64
		{A91DE71E-C7D4-49E4-BAB6-A8F8881AC8F1}.Debug|x64.Build.0 = Debug|x64
		{A91DE71E-C7D4-49E4-BAB6-A8F8881AC8F1}.Debug|x86.ActiveCfg = Debug|Win32
		{A91DE71E-C7D4-49E4-BAB6-A8F8881AC8F1}.Debug|x86.Build.0 = Debug|Win32
		{A91DE71E-C7D4-49E4-BAB6-A8F8881AC8F1}.Release|x64.ActiveCfg = Release|x64
		{A91DE71E-C7D4-49E4-BAB6-A8F8881AC8F1}.Release|x64.Build.0 = Release|x64
		{A91DE71E-C7D4-49E4-BAB6-A8F8881AC8F1}.Release|x86.ActiveCfg = Release|Win32
		{A91DE71E-C7D4-49E4-BAB6-A8F8881AC8F1}.Release|x86.Build.0 = Release|Win32
		{8ED979A6-4587-4281-B924-8B1538563DFC}.Debug|x64.ActiveCfg = Debug|x64
		{8ED979A6-4587-4281-B924-8B1538563DFC}.Debug|x64.Build.0 = Debug|x64
		{8ED979A6-4587-4281-B924-8B1538563DFC}.Debug|x86.ActiveCfg = Debug|Win32
		{8ED979A6-4587-4281-B924-8B1538563DFC}.Debug|x86.Build.0 = Debug|Win32
		{8ED979A6-4587-4281-B924-8B1538563DFC}.Release|x64.ActiveCfg = Release|x64
		{8ED979A6-4587-4281-B924-8B1538563DFC}.Release|x64.Build.0 = Release|x64
		{8ED979A6-4587-4281-B924-8B1538563DFC}.Release|x86.ActiveCfg = Release|Win32
		{8ED979A6-4587-4281-B924-8B1538563DFC}.Release|x86.Build.0 = Release|Win32
		{0CE68CC4-442E-4208-B99D-284EB4F30C41}.Debug|x64.ActiveCfg = Debug|x64
		{0CE68CC4-442E-4208-B99D-284EB4F30C41}.Debug|x64.Build.0 = Debug|x64
		{0CE68CC4-442E-4208-B99D-284EB4F30C41}.Debug|x86.ActiveCfg = Debug|Win32
		{0CE68CC4-442E-4208-B99D-284EB4F30C41}.Debug|x86.Build.0 = Debug|Win32
		{0CE68CC4-442E-4208-B99D-284EB4F30C41}.Release|x64.ActiveCfg = Release|x64
		{0CE68CC4-442E-4208-B99D-284EB4F30C41}.Release|x64.Build.0 = Release|x64
		{0CE68CC4-442E-4208-B99D-284EB4F30C41}.Release|x86.ActiveCfg = Release|Win32
		{0CE68CC4-442E-4208-B99D-284EB4F30C41}.Release|x86.Build.0 = Release|Win32
		{70CFEB15-7DAC-45D0-ADA4-136174609AB1}.Debug|x64.ActiveCfg = Debug|x64
		{70CFEB15-7DAC-45D0-ADA4-136174609AB1}.Debug|x64.Build.0 = Debug|x64
		{70CFEB15-7DAC-45D0-ADA4-136174609AB1}.Debug|x86.ActiveCfg = Debug|Win32
		{70CFEB15-7DAC-45D0-ADA4-136174609AB1}.Debug|x86.Build.0 = Debug|Win32
		{70CFEB15-7DAC-45D0-ADA4-136174609AB1}.Release|x64.ActiveCfg = Release|x64
		{70CFEB15-7DAC-45D0-ADA4-136174609AB1}.Release|x64.Build.0 = Release|x64
		{70CFEB15-7DAC-45D0-ADA4-136174609AB1}.Release|x86.ActiveCfg = Release|Win32
		{70CFEB15-7DAC-45D0-ADA4-136174609AB1}.Release|x86.Build.0 = Release|Win32
		{6C0794B9-531A-4659-A6E7-DFD2FDF0E7EA}.Debug|x64.ActiveCfg = Debug|x64
		{6C0794B9-531A-4659-A6E7-DFD2FDF0E7EA}.Debug|x64.Build.0 = Debug|x64
		{6C0794B9-531A-4659-A6E7-DFD2FDF0E7EA}.Debug|x86.ActiveCfg = Debug|Win32
		{6C0794B9-531A-4659-A6E7-DFD2FDF0E7EA}.Debug|x86.Build.0 = Debug|Win32
		{6C0794B9-531A-4659-A6E7-DFD2FDF0E7EA}.Release|x64.ActiveCfg = Release|x64
		{6C0794B9-531A-4659-A6E7-DFD2FDF0E7EA}.Release|x64.Build.0 = Release|x64
		{6C0794B9-531A-4659-A6E7-DFD2FDF0E7EA}.Release|x86.ActiveCfg = Release|Win32
		{6C0794B9-531A-4659-A6E7-DFD2FDF0E7EA}.Release|x86.Build.0 = Release|Win32
		{9281A3B9-0C4D-4E00-90C1-D22512E79025}.Debug|x64.ActiveCfg = Debug|x64
		{9281A3B9-0C4D-4E00-90C1-D22512E79025}.Debug|x64.Build.0 = Debug|x64
		{9281A3B9-0C4D-4E00-90C1-D22512E79025}.Debug|x86.ActiveCfg = Debug|Win32
		{9281A3B9-0C4D-4E00-90C1-D22512E79025}.Debug|x86.Build.0 = Debug|Win32
		{9281A3B9-0C4D-4E00-90C1-D22512E79025}.Release|x64.ActiveCfg = Release|x64
		{9281A3B9-0C4D-4E00-90C1-D22512E79025}.Release|x64.Build.0 = Release|x64
		{9281A3B9-0C4D-4E00-90C1-D22512E79025}.Release|x86.ActiveCfg = Release|Win32
		{9281A3B9-0C4D-4E00-90C1-D22512E79025}.Release|x86.Build.0 = Release|Win32
		{508497F3-77A0-4991-AA18-F2C53E193764}.Debug|x64.ActiveCfg = Debug|x64
		{508497F3-77A0-4991-AA18-F2C53E193764}.Debug|x64.Build.0 = Debug|x64
		{508497F3-77A0-4991-AA18-F2C53E193764}.Debug|x86.ActiveCfg = Debug|Win32
		{508497F3-77A0-4991-AA18-F2C53E193764}.Debug|x86.Build.0 = Debug|Win32
		{508497F3-77A0-4991-AA18-F2C53E193764}.Release|x64.ActiveCfg = Release|x64
		{508497F3-77A0-4991-AA18-F2C53E193764}.Release|x64.Build.0 = Release|x64
		{508497F3-77A0-4991-AA18-F2C53E193764}.Release|x86.ActiveCfg = Release|Win32
		{508497F3-77A0-4991-AA18-F2C53E193764}.Release|x86.Build.0 = Release|Win32
		{7EE4625C-F105-43AF-8694-1B0DC10FA5AA}.Debug|x64.ActiveCfg = Debug|x64
		{7EE4625C-F105-43AF-8694-1B0DC10FA5AA}.Debug|x64.Build.0 = Debug|x64
		{7EE4625C-F105-43AF-8694-1B0DC10FA5AA}.Debug|x86.ActiveCfg = Debug|Win32
		{7EE4625C-F105-43AF-8694-1B0DC10FA5AA}.Debug|x86.Build.0 = Debug|Win32
		{7EE4625C-F105-43AF-8694-1B0DC10FA5AA}.Release|x64.ActiveCfg = Release|x64
		{7EE4625C-F105-43AF-8694-1B0DC10FA5AA}.Release|x64.Build.0 = Release|x64
		{7EE4625C-F105-43AF-8694-1B0DC10FA5AA}.Release|x86.ActiveCfg = Release|Win32
		{7EE4625C-F105-43AF-8694-1B0DC10FA5AA}.Release|x86.Build.0 = Release|Win32
		{04D4B0C4-005F-436C-B1A6-98D568001EFA}.Debug|x64.ActiveCfg = Debug|x64
		{04D4B0C4-005F-436C-B1A6-98D568001EFA}.Debug|x64.Build.0 = Debug|x64
		{04D4B0C4-005F-436C-B1A6-98D568001EFA}.Debug|x86.ActiveCfg = Debug|Win32
		{04D4B0C4-005F-436C-B1A6-98D568001EFA}.Debug|x86.Build.0 = Debug|Win32
		{04D4B0C4-005F-436C-B1A6-98D568001EFA}.Release|x64.ActiveCfg = Release|x64
		{04D4B0C4-005F-436C-B1A6-98D568001EFA}.Release|x64.Build.0 = Release|x64
		{04D4B0C4-005F-436C-B1A6-98D568001EFA}.Release|x86.ActiveCfg = Release|Win32
		{04D4B0C4-005F-436C-B1A6-98D568001EFA}.Release|x86.Build.0 = Release|Win32
		{94631F7A-C9CD-42CB-B591-B11B2E75F6C5}.Debug|x64.ActiveCfg = Debug|x64
		{94631F7A-C9CD-42CB-B591-B11B2E75F6C5}.Debug|x64.Build.0 = Debug|x64
		{94631F7A-C9CD-42CB-B591-B11B2E75F6C5}.Debug|x86.ActiveCfg = Debug|Win32
		{94631F7A-C9CD-42CB-B591-B11B2E75F6C5}.Debug|x86.Build.0 = Debug|Win32
		{94631F7A-C9CD-42CB-B591-B11B2E75F6C5}.Release|x64.ActiveCfg = Release|x64
		{94631F7A-C9CD-42CB-B591-B11B2E75F6C5}.Release|x64.Build.0 = Release|x64
		{94631F7A-C9CD-42CB-B591-B11B2E75F6C5}.Release|x86.ActiveCfg = Release|Win32
		{94631F7A-C9CD-42CB-B591-B11B2E75F6C5}.Release|x86.Build.0 = Release|Win32
		{A4C99044-D00C-4F7B-BB77-7B9E4C05FA4A}.Debug|x64.ActiveCfg = Debug|x64
		{A4C99044-D00C-4F7B-BB77-7B9E4C05FA4A}.Debug|x64.Build.0 = Debug|x64
		{A4C99044-D00C-4F7B-BB77-7B9E4C05FA4A}.Debug|x86.ActiveCfg = Debug|Win32
		{A4C99044-D00C-4F7B-BB77-7B9E4C05FA4A}.Debug|x86.Build.0 = Debug|Win32
		{A4C99044-D00C-4F7B-BB77-7B9E4C05FA4A}.Release|x64.ActiveCfg = Release|x64
		{A4C99044-D00C-4F7B-BB77-7B9E4C05FA4A}.Release|x64.Build.0 = Release|x64
		{A4C99044-D00C-4F7B-BB77-7B9E4C05FA4A}.Release|x86.ActiveCfg = Release|Win32
		{A4C99044-D00C-4F7B-BB77-7B9E4C05FA4A}.Release|x86.Build.0 = Release|Win32
		{F4B3F378-13F2-45EE-A586-1DFD284F4A90}.Debug|x64.ActiveCfg = Debug|x64
		{F4B3F378-13F2-45EE-A586-1DFD284F4A90}.Debug|x64.Build.0 = Debug|x64
		{F4B3F378-13F2-45EE-A586-1DFD284F4A90}.Debug|x86.ActiveCfg = Debug|Win32
		{F4B3F378-13F2-45EE-A586-1DFD284F4A90}.Debug|x86.Build.0 = Debug|Win32
		{F4B3F378-13F2-45EE-A586-1DFD284F4A90}.Release|x64.ActiveCfg = Release|x64
		{F4B3F378-13F2-45EE-A586-1DFD284F4A90}.Release|x64.Build.0 = Release|x64
		{F4B3F378-13F2-45EE-A586-1DFD284F4A90}.Release|x86.ActiveCfg = Release|Win32
		{F4B3F378-13F2-45EE-A586-1DFD284F4A90}.Release|x86.Build.0 = Release|Win32
		{1334BE60-AB08-46E7-94D9-0F522A1C9BCD}.Debug|x64.ActiveCfg = Debug|x64
		{1334BE60-AB08-46E7-94D9-0F522A1C9BCD}.Debug|x64.Build.0 = Debug|x64
		{1334BE60-AB08-46E7-94D9-0F522A1C9BCD}.Debug|x86.ActiveCfg = Debug|Win32
		{1334BE60-AB08-46E7-94D9-0F522A1C9BCD}.Debug|x86.Build.0 = Debug|Win32
		{1334BE60-AB08-46E7-94D9-0F522A1C9BCD}.Release|x64.ActiveCfg = Release|x64
		{1334BE60-AB08-46E7-94D9-0F522A1C9BCD}.Release|x64.Build.0 = Release|x64
		{1334BE60-AB08-46E7-94D9-0F522A1C9BCD}.Release|x86.ActiveCfg = Release|Win32
		{1334BE60-AB08-46E7-94D9-0F522A1C9BCD}.Release|x86.Build.0 = Release|Win32
		{AE002807-C23E-4AE2-B961-364631A9E623}.Debug|x64.ActiveCfg = Debug|x64
		{AE002807-C23E-4AE2-B961-364631A9E623}.Debug|x64.Build.0 = Debug|x64
		{AE002807-C23E-4AE2-B961-364631A9E623}.Debug|x86.ActiveCfg = Debug|Win32
		{AE002807-C23E-4AE2-B961-364631A9E623}.Debug|x86.Build.0 = Debug|Win32
		{AE002807-C23E-4AE2-B961-364631A9E623}.Release|x64.ActiveCfg = Release|x64
		{AE002807-C23E-4AE2-B961-364631A9E623}.Release|x64.Build.0 = Release|x64
		{AE002807-C23E-4AE2-B961-364631A9E623}.Release|x86.ActiveCfg = Release|Win32
		{AE002807-C23E-4AE2-B961-364631A9E623}.Release|x86.Build.0 = Release|Win32
		{13B99286-7CEB-4602-A479-3782D7DB8201}.Debug|x64.ActiveCfg = Debug|x64
		{13B99286-7CEB-4602-A479-3782D7DB8201}.Debug|x64.Build.0 = Debug|x64
		{13B99286-7CEB-4602-A479-3782D7DB8201}.Debug|x86.ActiveCfg = Debug|Win32
		{13B99286-7CEB-4602-A479-3782D7DB8201}.Debug|x86.Build.0 = Debug|Win32
		{13B99286-7CEB-4602-A479-3782D7DB8201}.Release|x64.ActiveCfg = Release|x64
		{13B99286-7CEB-4602-A479-3782D7DB8201}.Release|x64.Build.0 = Release|x64
		{13B99286-7CEB-4602-A479-3782D7DB8201}.Release|x86.ActiveCfg = Release|Win32
		{13B99286-7CEB-4602-A479-3782D7DB8201}.Release|x86.Build.0 = Release|Win32
		{4154A339-DE07-40F8-9545-FA565109D1A3}.Debug|x64.ActiveCfg = Debug|x64
		{4154A339-DE07-40F8-9545-FA565109D1A3}.Debug|x64.Build.0 = Debug|x64
		{4154A339-DE07-40F8-9545-FA565109D1A3}.Debug|x86.ActiveCfg = Debug|Win32
		{4154A339-DE07-40F8-9545-FA565109D1A3}.Debug|x86.Build.0 = Debug|Win32
		{4154A339-DE07-40F8-9545-FA565109D1A3}.Release|x64.ActiveCfg = Release|x64
		{4154A339-DE07-40F8-9545-FA565109D1A3}.Release|x64.Build.0 = Release|x64
		{4154A339-DE07-40F8-9545-FA565109D1A3}.Release|x86.ActiveCfg = Release|Win32
		{4154A339-DE07-40F8-9545-FA565109D1A3}.Release|x86.Build.0 = Release|Win32
		{9D0AA829-3A39-46EC-83DE-7663F686759A}.Debug|x64.ActiveCfg = Debug|x64
		{9D0AA829-3A39-46EC-83DE-7663F686759A}.Debug|x64.Build.0 = Debug|x64
		{9D0AA829-3A39-46EC-83DE-7663F686759A}.Debug|x86.ActiveCfg = Debug|Win32
		{9D0AA829-3A39-46EC-83DE-7663F686759A}.Debug|x86.Build.0 = Debug|Win32
		{9D0AA829-3A39-46EC-83DE-7663F686759A}.Release|x64.ActiveCfg = Release|x64
		{9D0AA829-3A39-46EC-83DE-7663F686759A}.Release|x64.Build.0 = Release|x64
		{9D0AA829-3A39-46EC-83DE-7663F686759A}.Release|x86.ActiveCfg = Release|Win32
		{9D0AA829-3A39-46EC-83DE-7663F686759A}.Release|x86.Build.0 = Release|Win32
		{32E83F33-C08E-4FE8-9CCB-58EF70511F2D}.Debug|x64.ActiveCfg = Debug|x64
		{32E83F33-C08E-4FE8-9CCB-58EF70511F2D}.Debug|x64.Build.0 = Debug|x64
		{32E83F33-C08E-4FE8-9CCB-58EF70511F2D}.Debug|x86.ActiveCfg = Debug|Win32
		{32E83F33-C08E-4FE8-9CCB-58EF70511F2D}.Debug|x86.Build.0 = Debug|Win32
		{32E83F33-C08E-4FE8-9CCB-58EF70511F2D}.Release|x64.ActiveCfg = Release|x64
		{32E83F33-C08E-4FE8-9CCB-58EF70511F2D}.Release|x64.Build.0 = Release|x64
		{32E83F33-C08E-4FE8-9CCB-58EF70511F2D}.Release|x86.ActiveCfg = Release|Win32
		{32E83F33-C08E-4FE8-9CCB-58EF70511F2D}.Release|x86.Build.0 = Release|Win32
		{7DF553B0-E0CF-4549-899F-03714CB1C007}.Debug|x64.ActiveCfg = Debug|x64
		{7DF553B0-E0CF-4549-899F-03714CB1C007}.Debug|x64.Build.0 = Debug|x64
		{7DF553B0-E0CF-4549-899F-03714CB1C007}.Debug|x86.ActiveCfg = Debug|Win32
		{7DF553B0-E0CF-4549-899F-03714CB1C007}.Debug|x86.Build.0 = Debug|Win32
		{7DF553B0-E0CF-4549-899F-03714CB1C007}.Release|x64.ActiveCfg = Release|x64
		{7DF553B0-E0CF-4549-899F-03714CB1C007}.Release|x64.Build.0 = Release|x64
		{7DF553B0-E0CF-4549-899F-03714CB1C007}.Release|x86.ActiveCfg = Release|Win32
		{7DF553B0-E0CF-4549-899F-03714CB1C007}.Release|x86.Build.0 = Release|Win32
	EndGlobalSection
	GlobalSection(SolutionProperties) = preSolution
		HideSolutionNode = FALSE
	EndGlobalSection
	GlobalSection(ExtensibilityGlobals) = postSolution
		SolutionGuid = {7598B3A9-C77E-4966-9E3C-74354E191C5E}
	EndGlobalSection
EndGlobal
